{
  "requires": true,
  "lockfileVersion": 1,
  "dependencies": {
    "@sanity/cli": {
      "version": "1.150.1",
      "resolved": "https://registry.npmjs.org/@sanity/cli/-/cli-1.150.1.tgz",
      "integrity": "sha512-0odu2cNaarTFANJ7MbA/OLdYRryWkgDYqfQGuskb+eQKG2LL7S0ti9LpYnZMY61cD3/omi2KmGcxusRg1rX8Tw=="
    }
  }
}
